
Microsoft Visual Studio Solution File, Format Version 12.00
# Visual Studio Version 16
VisualStudioVersion = 16.0.810.9
MinimumVisualStudioVersion = 10.0.40219.1
Project("{FAE04EC0-301F-11D3-BF4B-00C04F79EFBC}") = "railsTutorialWebApi", "railsTutorialWebApi\railsTutorialWebApi.csproj", "{C08D0F2E-C1F4-4A92-A4F0-D5AA1672D5FB}"
EndProject
Global
	GlobalSection(SolutionConfigurationPlatforms) = preSolution
		Debug|Any CPU = Debug|Any CPU
		Release|Any CPU = Release|Any CPU
	EndGlobalSection
	GlobalSection(ProjectConfigurationPlatforms) = postSolution
		{C08D0F2E-C1F4-4A92-A4F0-D5AA1672D5FB}.Debug|Any CPU.ActiveCfg = Debug|Any CPU
		{C08D0F2E-C1F4-4A92-A4F0-D5AA1672D5FB}.Debug|Any CPU.Build.0 = Debug|Any CPU
		{C08D0F2E-C1F4-4A92-A4F0-D5AA1672D5FB}.Release|Any CPU.ActiveCfg = Release|Any CPU
		{C08D0F2E-C1F4-4A92-A4F0-D5AA1672D5FB}.Release|Any CPU.Build.0 = Release|Any CPU
	EndGlobalSection
	GlobalSection(SolutionProperties) = preSolution
		HideSolutionNode = FALSE
	EndGlobalSection
	GlobalSection(ExtensibilityGlobals) = postSolution
		SolutionGuid = {B6373EAA-4591-4C5A-9B4D-CD4A075AC4D9}
	EndGlobalSection
EndGlobal
